
Microsoft Visual Studio Solution File, Format Version 12.00
# Visual Studio 15
VisualStudioVersion = 15.0.28307.1062
MinimumVisualStudioVersion = 10.0.40219.1
Project("{FAE04EC0-301F-11D3-BF4B-00C04F79EFBC}") = "ExcelStreamTest", "ExcelStreamTest\ExcelStreamTest.csproj", "{5410E24B-D62A-46CD-8998-D422A145A218}"
EndProject
Global
	GlobalSection(SolutionConfigurationPlatforms) = preSolution
		Debug|Any CPU = Debug|Any CPU
		Release|Any CPU = Release|Any CPU
	EndGlobalSection
	GlobalSection(ProjectConfigurationPlatforms) = postSolution
		{5410E24B-D62A-46CD-8998-D422A145A218}.Debug|Any CPU.ActiveCfg = Debug|Any CPU
		{5410E24B-D62A-46CD-8998-D422A145A218}.Debug|Any CPU.Build.0 = Debug|Any CPU
		{5410E24B-D62A-46CD-8998-D422A145A218}.Release|Any CPU.ActiveCfg = Release|Any CPU
		{5410E24B-D62A-46CD-8998-D422A145A218}.Release|Any CPU.Build.0 = Release|Any CPU
	EndGlobalSection
	GlobalSection(SolutionProperties) = preSolution
		HideSolutionNode = FALSE
	EndGlobalSection
	GlobalSection(ExtensibilityGlobals) = postSolution
		SolutionGuid = {26080994-4EA9-4D0C-82A7-1559CCE37989}
	EndGlobalSection
EndGlobal
